
Microsoft Visual Studio Solution File, Format Version 12.00
# Visual Studio Version 18
VisualStudioVersion = 18.10.12210.168 stable
MinimumVisualStudioVersion = 10.0.40219.1
Project("{FAE04EC0-301F-11D3-BF4B-00C04F79EFBC}") = "UGGR", "UGGR.csproj", "{3F73C739-9873-40AF-B3E5-04BD1B7AA0AD}"
EndProject
Global
	GlobalSection(SolutionConfigurationPlatforms) = preSolution
		Debug|Any CPU = Debug|Any CPU
		ExportDebug|Any CPU = ExportDebug|Any CPU
		ExportRelease|Any CPU = ExportRelease|Any CPU
	EndGlobalSection
	GlobalSection(ProjectConfigurationPlatforms) = postSolution
		{3F73C739-9873-40AF-B3E5-04BD1B7AA0AD}.Debug|Any CPU.ActiveCfg = Debug|Any CPU
		{3F73C739-9873-40AF-B3E5-04BD1B7AA0AD}.Debug|Any CPU.Build.0 = Debug|Any CPU
		{3F73C739-9873-40AF-B3E5-04BD1B7AA0AD}.ExportDebug|Any CPU.ActiveCfg = ExportDebug|Any CPU
		{3F73C739-9873-40AF-B3E5-04BD1B7AA0AD}.ExportDebug|Any CPU.Build.0 = ExportDebug|Any CPU
		{3F73C739-9873-40AF-B3E5-04BD1B7AA0AD}.ExportRelease|Any CPU.ActiveCfg = ExportRelease|Any CPU
		{3F73C739-9873-40AF-B3E5-04BD1B7AA0AD}.ExportRelease|Any CPU.Build.0 = ExportRelease|Any CPU
	EndGlobalSection
	GlobalSection(SolutionProperties) = preSolution
		HideSolutionNode = FALSE
	EndGlobalSection
	GlobalSection(ExtensibilityGlobals) = postSolution
		SolutionGuid = {ED6A32D3-21F4-4CDB-AFE5-A9113B7AC53A}
	EndGlobalSection
EndGlobal
